
Microsoft Visual Studio Solution File, Format Version 12.00
# Visual Studio 2012
Project("{8BC9CEB8-8B4A-11D0-8D11-00A0C91BC942}") = "List", "List.vcxproj", "{A78EC1DB-80CC-4602-9979-608332AA1BA3}"
EndProject
Global
	GlobalSection(SolutionConfigurationPlatforms) = preSolution
		Debug|Win32 = Debug|Win32
		Release|Win32 = Release|Win32
	EndGlobalSection
	GlobalSection(ProjectConfigurationPlatforms) = postSolution
		{A78EC1DB-80CC-4602-9979-608332AA1BA3}.Debug|Win32.ActiveCfg = Debug|Win32
		{A78EC1DB-80CC-4602-9979-608332AA1BA3}.Debug|Win32.Build.0 = Debug|Win32
		{A78EC1DB-80CC-4602-9979-608332AA1BA3}.Release|Win32.ActiveCfg = Release|Win32
		{A78EC1DB-80CC-4602-9979-608332AA1BA3}.Release|Win32.Build.0 = Release|Win32
	EndGlobalSection
	GlobalSection(SolutionProperties) = preSolution
		HideSolutionNode = FALSE
	EndGlobalSection
EndGlobal
